
Microsoft Visual Studio Solution File, Format Version 12.00
# Visual Studio Version 17
VisualStudioVersion = 17.14.36221.1
MinimumVisualStudioVersion = 10.0.40219.1
Project("{FAE04EC0-301F-11D3-BF4B-00C04F79EFBC}") = "Limited_Countdown", "Limited_Countdown.csproj", "{DBE5ED9B-C15E-4114-8909-07A28201E238}"
EndProject
Global
	GlobalSection(SolutionConfigurationPlatforms) = preSolution
		Debug|Any CPU = Debug|Any CPU
		Release|Any CPU = Release|Any CPU
	EndGlobalSection
	GlobalSection(ProjectConfigurationPlatforms) = postSolution
		{DBE5ED9B-C15E-4114-8909-07A28201E238}.Debug|Any CPU.ActiveCfg = Debug|Any CPU
		{DBE5ED9B-C15E-4114-8909-07A28201E238}.Debug|Any CPU.Build.0 = Debug|Any CPU
		{DBE5ED9B-C15E-4114-8909-07A28201E238}.Release|Any CPU.ActiveCfg = Release|Any CPU
		{DBE5ED9B-C15E-4114-8909-07A28201E238}.Release|Any CPU.Build.0 = Release|Any CPU
	EndGlobalSection
	GlobalSection(SolutionProperties) = preSolution
		HideSolutionNode = FALSE
	EndGlobalSection
	GlobalSection(ExtensibilityGlobals) = postSolution
		SolutionGuid = {E6143CEF-BA2F-423B-B5D7-19A140DA0612}
	EndGlobalSection
EndGlobal
