
Microsoft Visual Studio Solution File, Format Version 12.00
# Visual Studio Version 17
VisualStudioVersion = 17.14.36221.1 d17.14
MinimumVisualStudioVersion = 10.0.40219.1
Project("{FAE04EC0-301F-11D3-BF4B-00C04F79EFBC}") = "Ybañez_SimpleInheritance", "Ybañez_SimpleInheritance.csproj", "{4147D20E-DBF5-4EB8-8E70-FDA9749B26A5}"
EndProject
Global
	GlobalSection(SolutionConfigurationPlatforms) = preSolution
		Debug|Any CPU = Debug|Any CPU
		Release|Any CPU = Release|Any CPU
	EndGlobalSection
	GlobalSection(ProjectConfigurationPlatforms) = postSolution
		{4147D20E-DBF5-4EB8-8E70-FDA9749B26A5}.Debug|Any CPU.ActiveCfg = Debug|Any CPU
		{4147D20E-DBF5-4EB8-8E70-FDA9749B26A5}.Debug|Any CPU.Build.0 = Debug|Any CPU
		{4147D20E-DBF5-4EB8-8E70-FDA9749B26A5}.Release|Any CPU.ActiveCfg = Release|Any CPU
		{4147D20E-DBF5-4EB8-8E70-FDA9749B26A5}.Release|Any CPU.Build.0 = Release|Any CPU
	EndGlobalSection
	GlobalSection(SolutionProperties) = preSolution
		HideSolutionNode = FALSE
	EndGlobalSection
	GlobalSection(ExtensibilityGlobals) = postSolution
		SolutionGuid = {56F1A8B6-19BD-4E39-9B96-1BBFDE16C74D}
	EndGlobalSection
EndGlobal
